
Microsoft Visual Studio Solution File, Format Version 12.00
# Visual Studio Version 17
VisualStudioVersion = 17.4.33213.308
MinimumVisualStudioVersion = 10.0.40219.1
Project("{2150E333-8FDC-42A3-9474-1A3956D46DE8}") = "Services", "Services", "{54F3DD14-80CE-4927-A56C-19421DC1179F}"
EndProject
Project("{2150E333-8FDC-42A3-9474-1A3956D46DE8}") = "Catalog", "Catalog", "{BFAC9083-49E0-4BA1-988D-E021501B40DB}"
EndProject
Project("{9A19103F-16F7-4668-BE54-9A1E7A4F7556}") = "FreeCourse.Services.Catalog", "Services\Catalog\FreeCourse.Services.Catalog\FreeCourse.Services.Catalog.csproj", "{8970E805-D04B-4557-AA74-002A61FC976A}"
EndProject
Project("{2150E333-8FDC-42A3-9474-1A3956D46DE8}") = "Solution Items", "Solution Items", "{9B30730A-15F9-4F07-AF04-52586F6292BA}"
	ProjectSection(SolutionItems) = preProject
		Ports.txt = Ports.txt
	EndProjectSection
EndProject
Project("{2150E333-8FDC-42A3-9474-1A3956D46DE8}") = "Shared", "Shared", "{98CD7CC0-B705-438F-9B3D-570724AFD215}"
EndProject
Project("{9A19103F-16F7-4668-BE54-9A1E7A4F7556}") = "FreeCourse.Shared", "Shared\FreeCourse.Shared\FreeCourse.Shared.csproj", "{00AEF516-9F5A-425A-A9E3-B8DB4BB27735}"
EndProject
Project("{2150E333-8FDC-42A3-9474-1A3956D46DE8}") = "IdentityServer", "IdentityServer", "{5A5AB1B3-C8A5-4C8C-8B76-5B57DB252808}"
EndProject
Project("{9A19103F-16F7-4668-BE54-9A1E7A4F7556}") = "FreeCourse.IdentityServer", "IdentityServer\FreeCourse.IdentityServer\FreeCourse.IdentityServer.csproj", "{85ED7016-E5ED-4956-84DA-CC550506BDC6}"
EndProject
Project("{2150E333-8FDC-42A3-9474-1A3956D46DE8}") = "PhotoStock", "PhotoStock", "{E4773904-D6A6-49AB-A469-06A308815C2E}"
EndProject
Project("{9A19103F-16F7-4668-BE54-9A1E7A4F7556}") = "FreeCourse.Services.PhotoStock", "Services\PhotoStock\FreeCourse.Services.PhotoStock\FreeCourse.Services.PhotoStock.csproj", "{18C8DB8A-8540-4815-B89D-DDF3CFF6C064}"
EndProject
Project("{2150E333-8FDC-42A3-9474-1A3956D46DE8}") = "Basket", "Basket", "{2885AB72-3641-4583-AEFF-1D7583217F9F}"
EndProject
Project("{9A19103F-16F7-4668-BE54-9A1E7A4F7556}") = "FreeCourse.Services.Basket", "Services\Basket\FreeCourse.Services.Basket\FreeCourse.Services.Basket.csproj", "{1E8FB811-64D3-422B-A387-F3951A8ED041}"
EndProject
Project("{2150E333-8FDC-42A3-9474-1A3956D46DE8}") = "Discount", "Discount", "{6120C702-0E26-4B0B-894E-B2DAC4FC00BD}"
EndProject
Project("{9A19103F-16F7-4668-BE54-9A1E7A4F7556}") = "FreeCourse.Services.Discount", "Services\Discount\FreeCourse.Services.Discount\FreeCourse.Services.Discount.csproj", "{87CCAA02-99E6-44AD-941E-106F7D96DCC6}"
EndProject
Project("{2150E333-8FDC-42A3-9474-1A3956D46DE8}") = "Order", "Order", "{954A6FE8-5DFD-4A50-ACFF-4D1AACBCC4C4}"
EndProject
Project("{9A19103F-16F7-4668-BE54-9A1E7A4F7556}") = "FreeCourse.Services.Order.API", "Services\Order\FreeCourse.Services.Order.API\FreeCourse.Services.Order.API.csproj", "{7E0769D7-30E9-4CD1-8D70-4148D9D53685}"
EndProject
Project("{9A19103F-16F7-4668-BE54-9A1E7A4F7556}") = "FreeCourse.Services.Order.Application", "Services\Order\FreeCourse.Services.Order.Application\FreeCourse.Services.Order.Application.csproj", "{9C319F67-5EDB-4E70-91A2-BEF411720AB3}"
EndProject
Project("{9A19103F-16F7-4668-BE54-9A1E7A4F7556}") = "FreeCourse.Services.Order.Domain", "Services\Order\FreeCourse.Services.Order.Domain\FreeCourse.Services.Order.Domain.csproj", "{E73698BC-2184-4BB8-8060-85631EDDFB18}"
EndProject
Project("{9A19103F-16F7-4668-BE54-9A1E7A4F7556}") = "FreeCourse.Services.Order.Domain.Core", "Services\Order\FreeCourse.Services.Order.Domain.Core\FreeCourse.Services.Order.Domain.Core.csproj", "{19A747FD-4AE7-4D52-924B-52BE4CCF3737}"
EndProject
Project("{9A19103F-16F7-4668-BE54-9A1E7A4F7556}") = "FreeCourse.Services.Order.Infrastructure", "Services\Order\FreeCourse.Services.Order.Infrastructure\FreeCourse.Services.Order.Infrastructure.csproj", "{822634B4-AAE9-46FD-AA32-5A77931E4044}"
EndProject
Project("{2150E333-8FDC-42A3-9474-1A3956D46DE8}") = "FakePayment", "FakePayment", "{12884AEC-511C-4F9F-BFC1-81AB37E4A6A7}"
EndProject
Project("{FAE04EC0-301F-11D3-BF4B-00C04F79EFBC}") = "FreeCourse.Services.FakePayment", "Services\FakePayment\FreeCourse.Services.FakePayment\FreeCourse.Services.FakePayment.csproj", "{DD78812B-8044-4943-9529-CB1FD258D475}"
EndProject
Project("{2150E333-8FDC-42A3-9474-1A3956D46DE8}") = "Gateways", "Gateways", "{78E8A6F3-63B2-472D-BDB7-FEA915339AEB}"
EndProject
Project("{FAE04EC0-301F-11D3-BF4B-00C04F79EFBC}") = "FreeCourse.Gateway", "FreeCourse.Gateway\FreeCourse.Gateway.csproj", "{DF8028AE-70E2-4487-97E9-A69B92D6213B}"
EndProject
Global
	GlobalSection(SolutionConfigurationPlatforms) = preSolution
		Debug|Any CPU = Debug|Any CPU
		Release|Any CPU = Release|Any CPU
	EndGlobalSection
	GlobalSection(ProjectConfigurationPlatforms) = postSolution
		{8970E805-D04B-4557-AA74-002A61FC976A}.Debug|Any CPU.ActiveCfg = Debug|Any CPU
		{8970E805-D04B-4557-AA74-002A61FC976A}.Debug|Any CPU.Build.0 = Debug|Any CPU
		{8970E805-D04B-4557-AA74-002A61FC976A}.Release|Any CPU.ActiveCfg = Release|Any CPU
		{8970E805-D04B-4557-AA74-002A61FC976A}.Release|Any CPU.Build.0 = Release|Any CPU
		{00AEF516-9F5A-425A-A9E3-B8DB4BB27735}.Debug|Any CPU.ActiveCfg = Debug|Any CPU
		{00AEF516-9F5A-425A-A9E3-B8DB4BB27735}.Debug|Any CPU.Build.0 = Debug|Any CPU
		{00AEF516-9F5A-425A-A9E3-B8DB4BB27735}.Release|Any CPU.ActiveCfg = Release|Any CPU
		{00AEF516-9F5A-425A-A9E3-B8DB4BB27735}.Release|Any CPU.Build.0 = Release|Any CPU
		{85ED7016-E5ED-4956-84DA-CC550506BDC6}.Debug|Any CPU.ActiveCfg = Debug|Any CPU
		{85ED7016-E5ED-4956-84DA-CC550506BDC6}.Debug|Any CPU.Build.0 = Debug|Any CPU
		{85ED7016-E5ED-4956-84DA-CC550506BDC6}.Release|Any CPU.ActiveCfg = Release|Any CPU
		{85ED7016-E5ED-4956-84DA-CC550506BDC6}.Release|Any CPU.Build.0 = Release|Any CPU
		{18C8DB8A-8540-4815-B89D-DDF3CFF6C064}.Debug|Any CPU.ActiveCfg = Debug|Any CPU
		{18C8DB8A-8540-4815-B89D-DDF3CFF6C064}.Debug|Any CPU.Build.0 = Debug|Any CPU
		{18C8DB8A-8540-4815-B89D-DDF3CFF6C064}.Release|Any CPU.ActiveCfg = Release|Any CPU
		{18C8DB8A-8540-4815-B89D-DDF3CFF6C064}.Release|Any CPU.Build.0 = Release|Any CPU
		{1E8FB811-64D3-422B-A387-F3951A8ED041}.Debug|Any CPU.ActiveCfg = Debug|Any CPU
		{1E8FB811-64D3-422B-A387-F3951A8ED041}.Debug|Any CPU.Build.0 = Debug|Any CPU
		{1E8FB811-64D3-422B-A387-F3951A8ED041}.Release|Any CPU.ActiveCfg = Release|Any CPU
		{1E8FB811-64D3-422B-A387-F3951A8ED041}.Release|Any CPU.Build.0 = Release|Any CPU
		{87CCAA02-99E6-44AD-941E-106F7D96DCC6}.Debug|Any CPU.ActiveCfg = Debug|Any CPU
		{87CCAA02-99E6-44AD-941E-106F7D96DCC6}.Debug|Any CPU.Build.0 = Debug|Any CPU
		{87CCAA02-99E6-44AD-941E-106F7D96DCC6}.Release|Any CPU.ActiveCfg = Release|Any CPU
		{87CCAA02-99E6-44AD-941E-106F7D96DCC6}.Release|Any CPU.Build.0 = Release|Any CPU
		{7E0769D7-30E9-4CD1-8D70-4148D9D53685}.Debug|Any CPU.ActiveCfg = Debug|Any CPU
		{7E0769D7-30E9-4CD1-8D70-4148D9D53685}.Debug|Any CPU.Build.0 = Debug|Any CPU
		{7E0769D7-30E9-4CD1-8D70-4148D9D53685}.Release|Any CPU.ActiveCfg = Release|Any CPU
		{7E0769D7-30E9-4CD1-8D70-4148D9D53685}.Release|Any CPU.Build.0 = Release|Any CPU
		{9C319F67-5EDB-4E70-91A2-BEF411720AB3}.Debug|Any CPU.ActiveCfg = Debug|Any CPU
		{9C319F67-5EDB-4E70-91A2-BEF411720AB3}.Debug|Any CPU.Build.0 = Debug|Any CPU
		{9C319F67-5EDB-4E70-91A2-BEF411720AB3}.Release|Any CPU.ActiveCfg = Release|Any CPU
		{9C319F67-5EDB-4E70-91A2-BEF411720AB3}.Release|Any CPU.Build.0 = Release|Any CPU
		{E73698BC-2184-4BB8-8060-85631EDDFB18}.Debug|Any CPU.ActiveCfg = Debug|Any CPU
		{E73698BC-2184-4BB8-8060-85631EDDFB18}.Debug|Any CPU.Build.0 = Debug|Any CPU
		{E73698BC-2184-4BB8-8060-85631EDDFB18}.Release|Any CPU.ActiveCfg = Release|Any CPU
		{E73698BC-2184-4BB8-8060-85631EDDFB18}.Release|Any CPU.Build.0 = Release|Any CPU
		{19A747FD-4AE7-4D52-924B-52BE4CCF3737}.Debug|Any CPU.ActiveCfg = Debug|Any CPU
		{19A747FD-4AE7-4D52-924B-52BE4CCF3737}.Debug|Any CPU.Build.0 = Debug|Any CPU
		{19A747FD-4AE7-4D52-924B-52BE4CCF3737}.Release|Any CPU.ActiveCfg = Release|Any CPU
		{19A747FD-4AE7-4D52-924B-52BE4CCF3737}.Release|Any CPU.Build.0 = Release|Any CPU
		{822634B4-AAE9-46FD-AA32-5A77931E4044}.Debug|Any CPU.ActiveCfg = Debug|Any CPU
		{822634B4-AAE9-46FD-AA32-5A77931E4044}.Debug|Any CPU.Build.0 = Debug|Any CPU
		{822634B4-AAE9-46FD-AA32-5A77931E4044}.Release|Any CPU.ActiveCfg = Release|Any CPU
		{822634B4-AAE9-46FD-AA32-5A77931E4044}.Release|Any CPU.Build.0 = Release|Any CPU
		{DD78812B-8044-4943-9529-CB1FD258D475}.Debug|Any CPU.ActiveCfg = Debug|Any CPU
		{DD78812B-8044-4943-9529-CB1FD258D475}.Debug|Any CPU.Build.0 = Debug|Any CPU
		{DD78812B-8044-4943-9529-CB1FD258D475}.Release|Any CPU.ActiveCfg = Release|Any CPU
		{DD78812B-8044-4943-9529-CB1FD258D475}.Release|Any CPU.Build.0 = Release|Any CPU
		{DF8028AE-70E2-4487-97E9-A69B92D6213B}.Debug|Any CPU.ActiveCfg = Debug|Any CPU
		{DF8028AE-70E2-4487-97E9-A69B92D6213B}.Debug|Any CPU.Build.0 = Debug|Any CPU
		{DF8028AE-70E2-4487-97E9-A69B92D6213B}.Release|Any CPU.ActiveCfg = Release|Any CPU
		{DF8028AE-70E2-4487-97E9-A69B92D6213B}.Release|Any CPU.Build.0 = Release|Any CPU
	EndGlobalSection
	GlobalSection(SolutionProperties) = preSolution
		HideSolutionNode = FALSE
	EndGlobalSection
	GlobalSection(NestedProjects) = preSolution
		{BFAC9083-49E0-4BA1-988D-E021501B40DB} = {54F3DD14-80CE-4927-A56C-19421DC1179F}
		{8970E805-D04B-4557-AA74-002A61FC976A} = {BFAC9083-49E0-4BA1-988D-E021501B40DB}
		{00AEF516-9F5A-425A-A9E3-B8DB4BB27735} = {98CD7CC0-B705-438F-9B3D-570724AFD215}
		{85ED7016-E5ED-4956-84DA-CC550506BDC6} = {5A5AB1B3-C8A5-4C8C-8B76-5B57DB252808}
		{E4773904-D6A6-49AB-A469-06A308815C2E} = {54F3DD14-80CE-4927-A56C-19421DC1179F}
		{18C8DB8A-8540-4815-B89D-DDF3CFF6C064} = {E4773904-D6A6-49AB-A469-06A308815C2E}
		{2885AB72-3641-4583-AEFF-1D7583217F9F} = {54F3DD14-80CE-4927-A56C-19421DC1179F}
		{1E8FB811-64D3-422B-A387-F3951A8ED041} = {2885AB72-3641-4583-AEFF-1D7583217F9F}
		{6120C702-0E26-4B0B-894E-B2DAC4FC00BD} = {54F3DD14-80CE-4927-A56C-19421DC1179F}
		{87CCAA02-99E6-44AD-941E-106F7D96DCC6} = {6120C702-0E26-4B0B-894E-B2DAC4FC00BD}
		{954A6FE8-5DFD-4A50-ACFF-4D1AACBCC4C4} = {54F3DD14-80CE-4927-A56C-19421DC1179F}
		{7E0769D7-30E9-4CD1-8D70-4148D9D53685} = {954A6FE8-5DFD-4A50-ACFF-4D1AACBCC4C4}
		{9C319F67-5EDB-4E70-91A2-BEF411720AB3} = {954A6FE8-5DFD-4A50-ACFF-4D1AACBCC4C4}
		{E73698BC-2184-4BB8-8060-85631EDDFB18} = {954A6FE8-5DFD-4A50-ACFF-4D1AACBCC4C4}
		{19A747FD-4AE7-4D52-924B-52BE4CCF3737} = {954A6FE8-5DFD-4A50-ACFF-4D1AACBCC4C4}
		{822634B4-AAE9-46FD-AA32-5A77931E4044} = {954A6FE8-5DFD-4A50-ACFF-4D1AACBCC4C4}
		{12884AEC-511C-4F9F-BFC1-81AB37E4A6A7} = {54F3DD14-80CE-4927-A56C-19421DC1179F}
		{DD78812B-8044-4943-9529-CB1FD258D475} = {12884AEC-511C-4F9F-BFC1-81AB37E4A6A7}
		{DF8028AE-70E2-4487-97E9-A69B92D6213B} = {78E8A6F3-63B2-472D-BDB7-FEA915339AEB}
	EndGlobalSection
	GlobalSection(ExtensibilityGlobals) = postSolution
		SolutionGuid = {5F9DEEC9-62CB-49DB-8BB0-DE57AFE7AB32}
	EndGlobalSection
EndGlobal
