
Microsoft Visual Studio Solution File, Format Version 12.00
# Visual Studio Version 17
VisualStudioVersion = 17.4.33213.308
MinimumVisualStudioVersion = 10.0.40219.1
Project("{2150E333-8FDC-42A3-9474-1A3956D46DE8}") = "Services", "Services", "{54F3DD14-80CE-4927-A56C-19421DC1179F}"
EndProject
Project("{2150E333-8FDC-42A3-9474-1A3956D46DE8}") = "Catalog", "Catalog", "{BFAC9083-49E0-4BA1-988D-E021501B40DB}"
EndProject
Project("{9A19103F-16F7-4668-BE54-9A1E7A4F7556}") = "FreeCourse.Services.Catalog", "Services\Catalog\FreeCourse.Services.Catalog\FreeCourse.Services.Catalog.csproj", "{8970E805-D04B-4557-AA74-002A61FC976A}"
EndProject
Project("{2150E333-8FDC-42A3-9474-1A3956D46DE8}") = "Solution Items", "Solution Items", "{9B30730A-15F9-4F07-AF04-52586F6292BA}"
	ProjectSection(SolutionItems) = preProject
		Ports.txt = Ports.txt
	EndProjectSection
EndProject
Project("{2150E333-8FDC-42A3-9474-1A3956D46DE8}") = "Shared", "Shared", "{98CD7CC0-B705-438F-9B3D-570724AFD215}"
EndProject
Project("{9A19103F-16F7-4668-BE54-9A1E7A4F7556}") = "FreeCourse.Shared", "Shared\FreeCourse.Shared\FreeCourse.Shared.csproj", "{00AEF516-9F5A-425A-A9E3-B8DB4BB27735}"
EndProject
Project("{2150E333-8FDC-42A3-9474-1A3956D46DE8}") = "IdentityServer", "IdentityServer", "{5A5AB1B3-C8A5-4C8C-8B76-5B57DB252808}"
EndProject
Project("{9A19103F-16F7-4668-BE54-9A1E7A4F7556}") = "FreeCourse.IdentityServer", "IdentityServer\FreeCourse.IdentityServer\FreeCourse.IdentityServer.csproj", "{85ED7016-E5ED-4956-84DA-CC550506BDC6}"
EndProject
Project("{2150E333-8FDC-42A3-9474-1A3956D46DE8}") = "PhotoStock", "PhotoStock", "{E4773904-D6A6-49AB-A469-06A308815C2E}"
EndProject
Project("{9A19103F-16F7-4668-BE54-9A1E7A4F7556}") = "FreeCourse.Services.PhotoStock", "Services\PhotoStock\FreeCourse.Services.PhotoStock\FreeCourse.Services.PhotoStock.csproj", "{18C8DB8A-8540-4815-B89D-DDF3CFF6C064}"
EndProject
Project("{2150E333-8FDC-42A3-9474-1A3956D46DE8}") = "Basket", "Basket", "{2885AB72-3641-4583-AEFF-1D7583217F9F}"
EndProject
Project("{FAE04EC0-301F-11D3-BF4B-00C04F79EFBC}") = "FreeCourse.Services.Basket", "Services\Basket\FreeCourse.Services.Basket\FreeCourse.Services.Basket.csproj", "{1E8FB811-64D3-422B-A387-F3951A8ED041}"
EndProject
Global
	GlobalSection(SolutionConfigurationPlatforms) = preSolution
		Debug|Any CPU = Debug|Any CPU
		Release|Any CPU = Release|Any CPU
	EndGlobalSection
	GlobalSection(ProjectConfigurationPlatforms) = postSolution
		{8970E805-D04B-4557-AA74-002A61FC976A}.Debug|Any CPU.ActiveCfg = Debug|Any CPU
		{8970E805-D04B-4557-AA74-002A61FC976A}.Debug|Any CPU.Build.0 = Debug|Any CPU
		{8970E805-D04B-4557-AA74-002A61FC976A}.Release|Any CPU.ActiveCfg = Release|Any CPU
		{8970E805-D04B-4557-AA74-002A61FC976A}.Release|Any CPU.Build.0 = Release|Any CPU
		{00AEF516-9F5A-425A-A9E3-B8DB4BB27735}.Debug|Any CPU.ActiveCfg = Debug|Any CPU
		{00AEF516-9F5A-425A-A9E3-B8DB4BB27735}.Debug|Any CPU.Build.0 = Debug|Any CPU
		{00AEF516-9F5A-425A-A9E3-B8DB4BB27735}.Release|Any CPU.ActiveCfg = Release|Any CPU
		{00AEF516-9F5A-425A-A9E3-B8DB4BB27735}.Release|Any CPU.Build.0 = Release|Any CPU
		{85ED7016-E5ED-4956-84DA-CC550506BDC6}.Debug|Any CPU.ActiveCfg = Debug|Any CPU
		{85ED7016-E5ED-4956-84DA-CC550506BDC6}.Debug|Any CPU.Build.0 = Debug|Any CPU
		{85ED7016-E5ED-4956-84DA-CC550506BDC6}.Release|Any CPU.ActiveCfg = Release|Any CPU
		{85ED7016-E5ED-4956-84DA-CC550506BDC6}.Release|Any CPU.Build.0 = Release|Any CPU
		{18C8DB8A-8540-4815-B89D-DDF3CFF6C064}.Debug|Any CPU.ActiveCfg = Debug|Any CPU
		{18C8DB8A-8540-4815-B89D-DDF3CFF6C064}.Debug|Any CPU.Build.0 = Debug|Any CPU
		{18C8DB8A-8540-4815-B89D-DDF3CFF6C064}.Release|Any CPU.ActiveCfg = Release|Any CPU
		{18C8DB8A-8540-4815-B89D-DDF3CFF6C064}.Release|Any CPU.Build.0 = Release|Any CPU
		{1E8FB811-64D3-422B-A387-F3951A8ED041}.Debug|Any CPU.ActiveCfg = Debug|Any CPU
		{1E8FB811-64D3-422B-A387-F3951A8ED041}.Debug|Any CPU.Build.0 = Debug|Any CPU
		{1E8FB811-64D3-422B-A387-F3951A8ED041}.Release|Any CPU.ActiveCfg = Release|Any CPU
		{1E8FB811-64D3-422B-A387-F3951A8ED041}.Release|Any CPU.Build.0 = Release|Any CPU
	EndGlobalSection
	GlobalSection(SolutionProperties) = preSolution
		HideSolutionNode = FALSE
	EndGlobalSection
	GlobalSection(NestedProjects) = preSolution
		{BFAC9083-49E0-4BA1-988D-E021501B40DB} = {54F3DD14-80CE-4927-A56C-19421DC1179F}
		{8970E805-D04B-4557-AA74-002A61FC976A} = {BFAC9083-49E0-4BA1-988D-E021501B40DB}
		{00AEF516-9F5A-425A-A9E3-B8DB4BB27735} = {98CD7CC0-B705-438F-9B3D-570724AFD215}
		{85ED7016-E5ED-4956-84DA-CC550506BDC6} = {5A5AB1B3-C8A5-4C8C-8B76-5B57DB252808}
		{E4773904-D6A6-49AB-A469-06A308815C2E} = {54F3DD14-80CE-4927-A56C-19421DC1179F}
		{18C8DB8A-8540-4815-B89D-DDF3CFF6C064} = {E4773904-D6A6-49AB-A469-06A308815C2E}
		{2885AB72-3641-4583-AEFF-1D7583217F9F} = {54F3DD14-80CE-4927-A56C-19421DC1179F}
		{1E8FB811-64D3-422B-A387-F3951A8ED041} = {2885AB72-3641-4583-AEFF-1D7583217F9F}
	EndGlobalSection
	GlobalSection(ExtensibilityGlobals) = postSolution
		SolutionGuid = {5F9DEEC9-62CB-49DB-8BB0-DE57AFE7AB32}
	EndGlobalSection
EndGlobal
